// !$*UTF8*$!
{
	archiveVersion = 1;
	classes = {
	};
	objectVersion = 50;
	objects = {

/* Begin PBXBuildFile section */
		843E57C321F74EEA009D6233 /* FinalProject.xcdatamodeld in Sources */ = {isa = PBXBuildFile; fileRef = 843E57C121F74EEA009D6233 /* FinalProject.xcdatamodeld */; };
		843E57C521FB73CE009D6233 /* savedQuoteViewController.swift in Sources */ = {isa = PBXBuildFile; fileRef = 843E57C421FB73CE009D6233 /* savedQuoteViewController.swift */; };
		8452DD0321EA098D0051240C /* AppDelegate.swift in Sources */ = {isa = PBXBuildFile; fileRef = 8452DD0221EA098D0051240C /* AppDelegate.swift */; };
		8452DD0821EA098D0051240C /* Main.storyboard in Resources */ = {isa = PBXBuildFile; fileRef = 8452DD0621EA098D0051240C /* Main.storyboard */; };
		8452DD0D21EA098E0051240C /* Assets.xcassets in Resources */ = {isa = PBXBuildFile; fileRef = 8452DD0C21EA098E0051240C /* Assets.xcassets */; };
		8452DD1021EA098E0051240C /* LaunchScreen.storyboard in Resources */ = {isa = PBXBuildFile; fileRef = 8452DD0E21EA098E0051240C /* LaunchScreen.storyboard */; };
		8452DD1821EE84170051240C /* TableViewController.swift in Sources */ = {isa = PBXBuildFile; fileRef = 8452DD1721EE84170051240C /* TableViewController.swift */; };
		8452DD1A21EE845E0051240C /* GCDBlackBox.swift in Sources */ = {isa = PBXBuildFile; fileRef = 8452DD1921EE845E0051240C /* GCDBlackBox.swift */; };
		8452DD1D21EE84A00051240C /* Client.swift in Sources */ = {isa = PBXBuildFile; fileRef = 8452DD1C21EE84A00051240C /* Client.swift */; };
		8452DD1F21EE84AC0051240C /* Functions.swift in Sources */ = {isa = PBXBuildFile; fileRef = 8452DD1E21EE84AC0051240C /* Functions.swift */; };
		8452DD2121EE84BC0051240C /* Constants.swift in Sources */ = {isa = PBXBuildFile; fileRef = 8452DD2021EE84BC0051240C /* Constants.swift */; };
		8452DD2421EE854D0051240C /* DataController.swift in Sources */ = {isa = PBXBuildFile; fileRef = 8452DD2321EE854D0051240C /* DataController.swift */; };
		8452DD2721EE85D50051240C /* TodayViewController.swift in Sources */ = {isa = PBXBuildFile; fileRef = 8452DD2621EE85D50051240C /* TodayViewController.swift */; };
		8452DD2921F0BD170051240C /* DataInformation.swift in Sources */ = {isa = PBXBuildFile; fileRef = 8452DD2821F0BD170051240C /* DataInformation.swift */; };
		8452DD2B21F358AA0051240C /* DataSource.swift in Sources */ = {isa = PBXBuildFile; fileRef = 8452DD2A21F358AA0051240C /* DataSource.swift */; };
/* End PBXBuildFile section */

/* Begin PBXFileReference section */
		843E57C221F74EEA009D6233 /* FinalProject.xcdatamodel */ = {isa = PBXFileReference; lastKnownFileType = wrapper.xcdatamodel; path = FinalProject.xcdatamodel; sourceTree = "<group>"; };
		843E57C421FB73CE009D6233 /* savedQuoteViewController.swift */ = {isa = PBXFileReference; lastKnownFileType = sourcecode.swift; path = savedQuoteViewController.swift; sourceTree = "<group>"; };
		8452DCFF21EA098D0051240C /* FinalProject.app */ = {isa = PBXFileReference; explicitFileType = wrapper.application; includeInIndex = 0; path = FinalProject.app; sourceTree = BUILT_PRODUCTS_DIR; };
		8452DD0221EA098D0051240C /* AppDelegate.swift */ = {isa = PBXFileReference; lastKnownFileType = sourcecode.swift; path = AppDelegate.swift; sourceTree = "<group>"; };
		8452DD0721EA098D0051240C /* Base */ = {isa = PBXFileReference; lastKnownFileType = file.storyboard; name = Base; path = Base.lproj/Main.storyboard; sourceTree = "<group>"; };
		8452DD0C21EA098E0051240C /* Assets.xcassets */ = {isa = PBXFileReference; lastKnownFileType = folder.assetcatalog; path = Assets.xcassets; sourceTree = "<group>"; };
		8452DD0F21EA098E0051240C /* Base */ = {isa = PBXFileReference; lastKnownFileType = file.storyboard; name = Base; path = Base.lproj/LaunchScreen.storyboard; sourceTree = "<group>"; };
		8452DD1121EA098E0051240C /* Info.plist */ = {isa = PBXFileReference; lastKnownFileType = text.plist.xml; path = Info.plist; sourceTree = "<group>"; };
		8452DD1721EE84170051240C /* TableViewController.swift */ = {isa = PBXFileReference; lastKnownFileType = sourcecode.swift; path = TableViewController.swift; sourceTree = "<group>"; };
		8452DD1921EE845E0051240C /* GCDBlackBox.swift */ = {isa = PBXFileReference; lastKnownFileType = sourcecode.swift; path = GCDBlackBox.swift; sourceTree = "<group>"; };
		8452DD1C21EE84A00051240C /* Client.swift */ = {isa = PBXFileReference; lastKnownFileType = sourcecode.swift; path = Client.swift; sourceTree = "<group>"; };
		8452DD1E21EE84AC0051240C /* Functions.swift */ = {isa = PBXFileReference; lastKnownFileType = sourcecode.swift; path = Functions.swift; sourceTree = "<group>"; };
		8452DD2021EE84BC0051240C /* Constants.swift */ = {isa = PBXFileReference; lastKnownFileType = sourcecode.swift; path = Constants.swift; sourceTree = "<group>"; };
		8452DD2321EE854D0051240C /* DataController.swift */ = {isa = PBXFileReference; lastKnownFileType = sourcecode.swift; path = DataController.swift; sourceTree = "<group>"; };
		8452DD2621EE85D50051240C /* TodayViewController.swift */ = {isa = PBXFileReference; lastKnownFileType = sourcecode.swift; path = TodayViewController.swift; sourceTree = "<group>"; };
		8452DD2821F0BD170051240C /* DataInformation.swift */ = {isa = PBXFileReference; lastKnownFileType = sourcecode.swift; path = DataInformation.swift; sourceTree = "<group>"; };
		8452DD2A21F358AA0051240C /* DataSource.swift */ = {isa = PBXFileReference; lastKnownFileType = sourcecode.swift; path = DataSource.swift; sourceTree = "<group>"; };
/* End PBXFileReference section */

/* Begin PBXFrameworksBuildPhase section */
		8452DCFC21EA098D0051240C /* Frameworks */ = {
			isa = PBXFrameworksBuildPhase;
			buildActionMask = 2147483647;
			files = (
			);
			runOnlyForDeploymentPostprocessing = 0;
		};
/* End PBXFrameworksBuildPhase section */

/* Begin PBXGroup section */
		8452DCF621EA098D0051240C = {
			isa = PBXGroup;
			children = (
				8452DD0121EA098D0051240C /* FinalProject */,
				8452DD0021EA098D0051240C /* Products */,
			);
			sourceTree = "<group>";
		};
		8452DD0021EA098D0051240C /* Products */ = {
			isa = PBXGroup;
			children = (
				8452DCFF21EA098D0051240C /* FinalProject.app */,
			);
			name = Products;
			sourceTree = "<group>";
		};
		8452DD0121EA098D0051240C /* FinalProject */ = {
			isa = PBXGroup;
			children = (
				8452DD1121EA098E0051240C /* Info.plist */,
				8452DD0221EA098D0051240C /* AppDelegate.swift */,
				8452DD1921EE845E0051240C /* GCDBlackBox.swift */,
				8452DD2521EE85610051240C /* ViewController */,
				8452DD1B21EE84840051240C /* Client */,
				8452DD2221EE852C0051240C /* Model */,
				8452DD0621EA098D0051240C /* Main.storyboard */,
				8452DD0C21EA098E0051240C /* Assets.xcassets */,
				8452DD0E21EA098E0051240C /* LaunchScreen.storyboard */,
			);
			path = FinalProject;
			sourceTree = "<group>";
		};
		8452DD1B21EE84840051240C /* Client */ = {
			isa = PBXGroup;
			children = (
				8452DD1C21EE84A00051240C /* Client.swift */,
				8452DD1E21EE84AC0051240C /* Functions.swift */,
				8452DD2021EE84BC0051240C /* Constants.swift */,
				8452DD2821F0BD170051240C /* DataInformation.swift */,
				8452DD2A21F358AA0051240C /* DataSource.swift */,
			);
			path = Client;
			sourceTree = "<group>";
		};
		8452DD2221EE852C0051240C /* Model */ = {
			isa = PBXGroup;
			children = (
				8452DD2321EE854D0051240C /* DataController.swift */,
				843E57C121F74EEA009D6233 /* FinalProject.xcdatamodeld */,
			);
			path = Model;
			sourceTree = "<group>";
		};
		8452DD2521EE85610051240C /* ViewController */ = {
			isa = PBXGroup;
			children = (
				8452DD2621EE85D50051240C /* TodayViewController.swift */,
				8452DD1721EE84170051240C /* TableViewController.swift */,
				843E57C421FB73CE009D6233 /* savedQuoteViewController.swift */,
			);
			path = ViewController;
			sourceTree = "<group>";
		};
/* End PBXGroup section */

/* Begin PBXNativeTarget section */
		8452DCFE21EA098D0051240C /* FinalProject */ = {
			isa = PBXNativeTarget;
			buildConfigurationList = 8452DD1421EA098E0051240C /* Build configuration list for PBXNativeTarget "FinalProject" */;
			buildPhases = (
				8452DCFB21EA098D0051240C /* Sources */,
				8452DCFC21EA098D0051240C /* Frameworks */,
				8452DCFD21EA098D0051240C /* Resources */,
			);
			buildRules = (
			);
			dependencies = (
			);
			name = FinalProject;
			productName = FinalProject;
			productReference = 8452DCFF21EA098D0051240C /* FinalProject.app */;
			productType = "com.apple.product-type.application";
		};
/* End PBXNativeTarget section */

/* Begin PBXProject section */
		8452DCF721EA098D0051240C /* Project object */ = {
			isa = PBXProject;
			attributes = {
				LastSwiftUpdateCheck = 1010;
				LastUpgradeCheck = 1010;
				ORGANIZATIONNAME = "Malik Basalamah";
				TargetAttributes = {
					8452DCFE21EA098D0051240C = {
						CreatedOnToolsVersion = 10.1;
					};
				};
			};
			buildConfigurationList = 8452DCFA21EA098D0051240C /* Build configuration list for PBXProject "FinalProject" */;
			compatibilityVersion = "Xcode 9.3";
			developmentRegion = en;
			hasScannedForEncodings = 0;
			knownRegions = (
				en,
				Base,
			);
			mainGroup = 8452DCF621EA098D0051240C;
			productRefGroup = 8452DD0021EA098D0051240C /* Products */;
			projectDirPath = "";
			projectRoot = "";
			targets = (
				8452DCFE21EA098D0051240C /* FinalProject */,
			);
		};
/* End PBXProject section */

/* Begin PBXResourcesBuildPhase section */
		8452DCFD21EA098D0051240C /* Resources */ = {
			isa = PBXResourcesBuildPhase;
			buildActionMask = 2147483647;
			files = (
				8452DD1021EA098E0051240C /* LaunchScreen.storyboard in Resources */,
				8452DD0D21EA098E0051240C /* Assets.xcassets in Resources */,
				8452DD0821EA098D0051240C /* Main.storyboard in Resources */,
			);
			runOnlyForDeploymentPostprocessing = 0;
		};
/* End PBXResourcesBuildPhase section */

/* Begin PBXSourcesBuildPhase section */
		8452DCFB21EA098D0051240C /* Sources */ = {
			isa = PBXSourcesBuildPhase;
			buildActionMask = 2147483647;
			files = (
				8452DD0321EA098D0051240C /* AppDelegate.swift in Sources */,
				8452DD1D21EE84A00051240C /* Client.swift in Sources */,
				843E57C321F74EEA009D6233 /* FinalProject.xcdatamodeld in Sources */,
				8452DD2721EE85D50051240C /* TodayViewController.swift in Sources */,
				8452DD1F21EE84AC0051240C /* Functions.swift in Sources */,
				8452DD2421EE854D0051240C /* DataController.swift in Sources */,
				8452DD2921F0BD170051240C /* DataInformation.swift in Sources */,
				8452DD1821EE84170051240C /* TableViewController.swift in Sources */,
				8452DD1A21EE845E0051240C /* GCDBlackBox.swift in Sources */,
				843E57C521FB73CE009D6233 /* savedQuoteViewController.swift in Sources */,
				8452DD2B21F358AA0051240C /* DataSource.swift in Sources */,
				8452DD2121EE84BC0051240C /* Constants.swift in Sources */,
			);
			runOnlyForDeploymentPostprocessing = 0;
		};
/* End PBXSourcesBuildPhase section */

/* Begin PBXVariantGroup section */
		8452DD0621EA098D0051240C /* Main.storyboard */ = {
			isa = PBXVariantGroup;
			children = (
				8452DD0721EA098D0051240C /* Base */,
			);
			name = Main.storyboard;
			sourceTree = "<group>";
		};
		8452DD0E21EA098E0051240C /* LaunchScreen.storyboard */ = {
			isa = PBXVariantGroup;
			children = (
				8452DD0F21EA098E0051240C /* Base */,
			);
			name = LaunchScreen.storyboard;
			sourceTree = "<group>";
		};
/* End PBXVariantGroup section */

/* Begin XCBuildConfiguration section */
		8452DD1221EA098E0051240C /* Debug */ = {
			isa = XCBuildConfiguration;
			buildSettings = {
				ALWAYS_SEARCH_USER_PATHS = NO;
				CLANG_ANALYZER_NONNULL = YES;
				CLANG_ANALYZER_NUMBER_OBJECT_CONVERSION = YES_AGGRESSIVE;
				CLANG_CXX_LANGUAGE_STANDARD = "gnu++14";
				CLANG_CXX_LIBRARY = "libc++";
				CLANG_ENABLE_MODULES = YES;
				CLANG_ENABLE_OBJC_ARC = YES;
				CLANG_ENABLE_OBJC_WEAK = YES;
				CLANG_WARN_BLOCK_CAPTURE_AUTORELEASING = YES;
				CLANG_WARN_BOOL_CONVERSION = YES;
				CLANG_WARN_COMMA = YES;
				CLANG_WARN_CONSTANT_CONVERSION = YES;
				CLANG_WARN_DEPRECATED_OBJC_IMPLEMENTATIONS = YES;
				CLANG_WARN_DIRECT_OBJC_ISA_USAGE = YES_ERROR;
				CLANG_WARN_DOCUMENTATION_COMMENTS = YES;
				CLANG_WARN_EMPTY_BODY = YES;
				CLANG_WARN_ENUM_CONVERSION = YES;
				CLANG_WARN_INFINITE_RECURSION = YES;
				CLANG_WARN_INT_CONVERSION = YES;
				CLANG_WARN_NON_LITERAL_NULL_CONVERSION = YES;
				CLANG_WARN_OBJC_IMPLICIT_RETAIN_SELF = YES;
				CLANG_WARN_OBJC_LITERAL_CONVERSION = YES;
				CLANG_WARN_OBJC_ROOT_CLASS = YES_ERROR;
				CLANG_WARN_RANGE_LOOP_ANALYSIS = YES;
				CLANG_WARN_STRICT_PROTOTYPES = YES;
				CLANG_WARN_SUSPICIOUS_MOVE = YES;
				CLANG_WARN_UNGUARDED_AVAILABILITY = YES_AGGRESSIVE;
				CLANG_WARN_UNREACHABLE_CODE = YES;
				CLANG_WARN__DUPLICATE_METHOD_MATCH = YES;
				CODE_SIGN_IDENTITY = "iPhone Developer";
				COPY_PHASE_STRIP = NO;
				DEBUG_INFORMATION_FORMAT = dwarf;
				ENABLE_STRICT_OBJC_MSGSEND = YES;
				ENABLE_TESTABILITY = YES;
				GCC_C_LANGUAGE_STANDARD = gnu11;
				GCC_DYNAMIC_NO_PIC = NO;
				GCC_NO_COMMON_BLOCKS = YES;
				GCC_OPTIMIZATION_LEVEL = 0;
				GCC_PREPROCESSOR_DEFINITIONS = (
					"DEBUG=1",
					"$(inherited)",
				);
				GCC_WARN_64_TO_32_BIT_CONVERSION = YES;
				GCC_WARN_ABOUT_RETURN_TYPE = YES_ERROR;
				GCC_WARN_UNDECLARED_SELECTOR = YES;
				GCC_WARN_UNINITIALIZED_AUTOS = YES_AGGRESSIVE;
				GCC_WARN_UNUSED_FUNCTION = YES;
				GCC_WARN_UNUSED_VARIABLE = YES;
				IPHONEOS_DEPLOYMENT_TARGET = 12.1;
				MTL_ENABLE_DEBUG_INFO = INCLUDE_SOURCE;
				MTL_FAST_MATH = YES;
				ONLY_ACTIVE_ARCH = YES;
				SDKROOT = iphoneos;
				SWIFT_ACTIVE_COMPILATION_CONDITIONS = DEBUG;
				SWIFT_OPTIMIZATION_LEVEL = "-Onone";
			};
			name = Debug;
		};
		8452DD1321EA098E0051240C /* Release */ = {
			isa = XCBuildConfiguration;
			buildSettings = {
				ALWAYS_SEARCH_USER_PATHS = NO;
				CLANG_ANALYZER_NONNULL = YES;
				CLANG_ANALYZER_NUMBER_OBJECT_CONVERSION = YES_AGGRESSIVE;
				CLANG_CXX_LANGUAGE_STANDARD = "gnu++14";
				CLANG_CXX_LIBRARY = "libc++";
				CLANG_ENABLE_MODULES = YES;
				CLANG_ENABLE_OBJC_ARC = YES;
				CLANG_ENABLE_OBJC_WEAK = YES;
				CLANG_WARN_BLOCK_CAPTURE_AUTORELEASING = YES;
				CLANG_WARN_BOOL_CONVERSION = YES;
				CLANG_WARN_COMMA = YES;
				CLANG_WARN_CONSTANT_CONVERSION = YES;
				CLANG_WARN_DEPRECATED_OBJC_IMPLEMENTATIONS = YES;
				CLANG_WARN_DIRECT_OBJC_ISA_USAGE = YES_ERROR;
				CLANG_WARN_DOCUMENTATION_COMMENTS = YES;
				CLANG_WARN_EMPTY_BODY = YES;
				CLANG_WARN_ENUM_CONVERSION = YES;
				CLANG_WARN_INFINITE_RECURSION = YES;
				CLANG_WARN_INT_CONVERSION = YES;
				CLANG_WARN_NON_LITERAL_NULL_CONVERSION = YES;
				CLANG_WARN_OBJC_IMPLICIT_RETAIN_SELF = YES;
				CLANG_WARN_OBJC_LITERAL_CONVERSION = YES;
				CLANG_WARN_OBJC_ROOT_CLASS = YES_ERROR;
				CLANG_WARN_RANGE_LOOP_ANALYSIS = YES;
				CLANG_WARN_STRICT_PROTOTYPES = YES;
				CLANG_WARN_SUSPICIOUS_MOVE = YES;
				CLANG_WARN_UNGUARDED_AVAILABILITY = YES_AGGRESSIVE;
				CLANG_WARN_UNREACHABLE_CODE = YES;
				CLANG_WARN__DUPLICATE_METHOD_MATCH = YES;
				CODE_SIGN_IDENTITY = "iPhone Developer";
				COPY_PHASE_STRIP = NO;
				DEBUG_INFORMATION_FORMAT = "dwarf-with-dsym";
				ENABLE_NS_ASSERTIONS = NO;
				ENABLE_STRICT_OBJC_MSGSEND = YES;
				GCC_C_LANGUAGE_STANDARD = gnu11;
				GCC_NO_COMMON_BLOCKS = YES;
				GCC_WARN_64_TO_32_BIT_CONVERSION = YES;
				GCC_WARN_ABOUT_RETURN_TYPE = YES_ERROR;
				GCC_WARN_UNDECLARED_SELECTOR = YES;
				GCC_WARN_UNINITIALIZED_AUTOS = YES_AGGRESSIVE;
				GCC_WARN_UNUSED_FUNCTION = YES;
				GCC_WARN_UNUSED_VARIABLE = YES;
				IPHONEOS_DEPLOYMENT_TARGET = 12.1;
				MTL_ENABLE_DEBUG_INFO = NO;
				MTL_FAST_MATH = YES;
				SDKROOT = iphoneos;
				SWIFT_COMPILATION_MODE = wholemodule;
				SWIFT_OPTIMIZATION_LEVEL = "-O";
				VALIDATE_PRODUCT = YES;
			};
			name = Release;
		};
		8452DD1521EA098E0051240C /* Debug */ = {
			isa = XCBuildConfiguration;
			buildSettings = {
				ASSETCATALOG_COMPILER_APPICON_NAME = AppIcon;
				CODE_SIGN_STYLE = Automatic;
				DEVELOPMENT_TEAM = V66N4NB4B9;
				INFOPLIST_FILE = FinalProject/Info.plist;
				LD_RUNPATH_SEARCH_PATHS = (
					"$(inherited)",
					"@executable_path/Frameworks",
				);
				PRODUCT_BUNDLE_IDENTIFIER = com.bmalik.FinalProject;
				PRODUCT_NAME = "$(TARGET_NAME)";
				SWIFT_VERSION = 4.2;
				TARGETED_DEVICE_FAMILY = "1,2";
			};
			name = Debug;
		};
		8452DD1621EA098E0051240C /* Release */ = {
			isa = XCBuildConfiguration;
			buildSettings = {
				ASSETCATALOG_COMPILER_APPICON_NAME = AppIcon;
				CODE_SIGN_STYLE = Automatic;
				DEVELOPMENT_TEAM = V66N4NB4B9;
				INFOPLIST_FILE = FinalProject/Info.plist;
				LD_RUNPATH_SEARCH_PATHS = (
					"$(inherited)",
					"@executable_path/Frameworks",
				);
				PRODUCT_BUNDLE_IDENTIFIER = com.bmalik.FinalProject;
				PRODUCT_NAME = "$(TARGET_NAME)";
				SWIFT_VERSION = 4.2;
				TARGETED_DEVICE_FAMILY = "1,2";
			};
			name = Release;
		};
/* End XCBuildConfiguration section */

/* Begin XCConfigurationList section */
		8452DCFA21EA098D0051240C /* Build configuration list for PBXProject "FinalProject" */ = {
			isa = XCConfigurationList;
			buildConfigurations = (
				8452DD1221EA098E0051240C /* Debug */,
				8452DD1321EA098E0051240C /* Release */,
			);
			defaultConfigurationIsVisible = 0;
			defaultConfigurationName = Release;
		};
		8452DD1421EA098E0051240C /* Build configuration list for PBXNativeTarget "FinalProject" */ = {
			isa = XCConfigurationList;
			buildConfigurations = (
				8452DD1521EA098E0051240C /* Debug */,
				8452DD1621EA098E0051240C /* Release */,
			);
			defaultConfigurationIsVisible = 0;
			defaultConfigurationName = Release;
		};
/* End XCConfigurationList section */

/* Begin XCVersionGroup section */
		843E57C121F74EEA009D6233 /* FinalProject.xcdatamodeld */ = {
			isa = XCVersionGroup;
			children = (
				843E57C221F74EEA009D6233 /* FinalProject.xcdatamodel */,
			);
			currentVersion = 843E57C221F74EEA009D6233 /* FinalProject.xcdatamodel */;
			path = FinalProject.xcdatamodeld;
			sourceTree = "<group>";
			versionGroupType = wrapper.xcdatamodel;
		};
/* End XCVersionGroup section */
	};
	rootObject = 8452DCF721EA098D0051240C /* Project object */;
}
